
Microsoft Visual Studio Solution File, Format Version 12.00
# Visual Studio 15
VisualStudioVersion = 15.0.28010.2048
MinimumVisualStudioVersion = 10.0.40219.1
Project("{FAE04EC0-301F-11D3-BF4B-00C04F79EFBC}") = "ClipboardPF", "ClipboardPF\ClipboardPF.csproj", "{56D215ED-BC3F-4475-96F6-4D7CD41DDE38}"
EndProject
Global
	GlobalSection(SolutionConfigurationPlatforms) = preSolution
		Debug|Any CPU = Debug|Any CPU
		Release|Any CPU = Release|Any CPU
	EndGlobalSection
	GlobalSection(ProjectConfigurationPlatforms) = postSolution
		{56D215ED-BC3F-4475-96F6-4D7CD41DDE38}.Debug|Any CPU.ActiveCfg = Debug|Any CPU
		{56D215ED-BC3F-4475-96F6-4D7CD41DDE38}.Debug|Any CPU.Build.0 = Debug|Any CPU
		{56D215ED-BC3F-4475-96F6-4D7CD41DDE38}.Release|Any CPU.ActiveCfg = Release|Any CPU
		{56D215ED-BC3F-4475-96F6-4D7CD41DDE38}.Release|Any CPU.Build.0 = Release|Any CPU
	EndGlobalSection
	GlobalSection(SolutionProperties) = preSolution
		HideSolutionNode = FALSE
	EndGlobalSection
	GlobalSection(ExtensibilityGlobals) = postSolution
		SolutionGuid = {B82D11AE-0A56-4704-8CC4-9DCC6C56DE18}
	EndGlobalSection
EndGlobal
